// !$*UTF8*$!
{
	archiveVersion = 1;
	classes = {
	};
	objectVersion = 55;
	objects = {

/* Begin PBXBuildFile section */
		3C27C9DB28ED9C910040F557 /* BottomNaviView.swift in Sources */ = {isa = PBXBuildFile; fileRef = 3C27C9DA28ED9C910040F557 /* BottomNaviView.swift */; };
		3C48C6C428BD3683000B7EDC /* Launch.storyboard in Resources */ = {isa = PBXBuildFile; fileRef = 3C48C6C328BD3683000B7EDC /* Launch.storyboard */; };
		3C6B61CA28DDBB3700F31A41 /* ListView.swift in Sources */ = {isa = PBXBuildFile; fileRef = 3C6B61C928DDBB3700F31A41 /* ListView.swift */; };
		3C6B61CC28DDBF3400F31A41 /* ListView1.swift in Sources */ = {isa = PBXBuildFile; fileRef = 3C6B61CB28DDBF3400F31A41 /* ListView1.swift */; };
		3C6B61CE28DDEE3400F31A41 /* ListView2.swift in Sources */ = {isa = PBXBuildFile; fileRef = 3C6B61CD28DDEE3400F31A41 /* ListView2.swift */; };
		3C6B61D028DDEE3D00F31A41 /* ListView3.swift in Sources */ = {isa = PBXBuildFile; fileRef = 3C6B61CF28DDEE3D00F31A41 /* ListView3.swift */; };
		3C6B61D228DDEE4200F31A41 /* ListView4.swift in Sources */ = {isa = PBXBuildFile; fileRef = 3C6B61D128DDEE4200F31A41 /* ListView4.swift */; };
		3C6B61D428DDEE4900F31A41 /* ListView5.swift in Sources */ = {isa = PBXBuildFile; fileRef = 3C6B61D328DDEE4900F31A41 /* ListView5.swift */; };
		3C6B61D628DDEE5A00F31A41 /* ListView6.swift in Sources */ = {isa = PBXBuildFile; fileRef = 3C6B61D528DDEE5A00F31A41 /* ListView6.swift */; };
		3C6B61D828DDEE5F00F31A41 /* ListView7.swift in Sources */ = {isa = PBXBuildFile; fileRef = 3C6B61D728DDEE5F00F31A41 /* ListView7.swift */; };
		3C6B61DA28DDEE6800F31A41 /* ListView8.swift in Sources */ = {isa = PBXBuildFile; fileRef = 3C6B61D928DDEE6800F31A41 /* ListView8.swift */; };
		3C6B61DC28DDEE6D00F31A41 /* ListView9.swift in Sources */ = {isa = PBXBuildFile; fileRef = 3C6B61DB28DDEE6D00F31A41 /* ListView9.swift */; };
		3C70898C28BDE2E400B6A3D8 /* ButtonView.swift in Sources */ = {isa = PBXBuildFile; fileRef = 3C70898B28BDE2E400B6A3D8 /* ButtonView.swift */; };
		3C713D9228C4827B006259A4 /* DatePickerView.swift in Sources */ = {isa = PBXBuildFile; fileRef = 3C713D9128C4827B006259A4 /* DatePickerView.swift */; };
		3C713D9428C51946006259A4 /* OtherControlView.swift in Sources */ = {isa = PBXBuildFile; fileRef = 3C713D9328C51946006259A4 /* OtherControlView.swift */; };
		3C713D9828C52B29006259A4 /* AlertView.swift in Sources */ = {isa = PBXBuildFile; fileRef = 3C713D9728C52B29006259A4 /* AlertView.swift */; };
		3C7A778528DB7746001AC918 /* LayoutView.swift in Sources */ = {isa = PBXBuildFile; fileRef = 3C7A778428DB7746001AC918 /* LayoutView.swift */; };
		3C7A778728DB7F72001AC918 /* LabView.swift in Sources */ = {isa = PBXBuildFile; fileRef = 3C7A778628DB7F72001AC918 /* LabView.swift */; };
		3C7D41C628ECA551005DA580 /* NaviView.swift in Sources */ = {isa = PBXBuildFile; fileRef = 3C7D41C528ECA551005DA580 /* NaviView.swift */; };
		3C810BE028D8A2C300EFA209 /* ShapeView.swift in Sources */ = {isa = PBXBuildFile; fileRef = 3C810BDF28D8A2C300EFA209 /* ShapeView.swift */; };
		3C810BE228DA06D300EFA209 /* ImagePickerView.swift in Sources */ = {isa = PBXBuildFile; fileRef = 3C810BE128DA06D300EFA209 /* ImagePickerView.swift */; };
		3C8A995228BFB536002B776A /* CommonView.swift in Sources */ = {isa = PBXBuildFile; fileRef = 3C8A995128BFB536002B776A /* CommonView.swift */; };
		3C8A995428C351A7002B776A /* VStackView.swift in Sources */ = {isa = PBXBuildFile; fileRef = 3C8A995328C351A7002B776A /* VStackView.swift */; };
		3C8A995628C3645C002B776A /* PickerView.swift in Sources */ = {isa = PBXBuildFile; fileRef = 3C8A995528C3645C002B776A /* PickerView.swift */; };
		3C8B7AA528C90188001CDFCF /* ImageView.swift in Sources */ = {isa = PBXBuildFile; fileRef = 3C8B7AA428C90188001CDFCF /* ImageView.swift */; };
		3C8DF9C428CE5A0A009058FA /* OtherView.swift in Sources */ = {isa = PBXBuildFile; fileRef = 3C8DF9C328CE5A0A009058FA /* OtherView.swift */; };
		3CA7EA8628ABFF940005C958 /* FDLSApp.swift in Sources */ = {isa = PBXBuildFile; fileRef = 3CA7EA8528ABFF940005C958 /* FDLSApp.swift */; };
		3CA7EA8828ABFF940005C958 /* RootView.swift in Sources */ = {isa = PBXBuildFile; fileRef = 3CA7EA8728ABFF940005C958 /* RootView.swift */; };
		3CA7EA8A28ABFF950005C958 /* Assets.xcassets in Resources */ = {isa = PBXBuildFile; fileRef = 3CA7EA8928ABFF950005C958 /* Assets.xcassets */; };
		3CA7EA8D28ABFF950005C958 /* Preview Assets.xcassets in Resources */ = {isa = PBXBuildFile; fileRef = 3CA7EA8C28ABFF950005C958 /* Preview Assets.xcassets */; };
		3CC2E9E228EA0DC2009C6DF0 /* GridView.swift in Sources */ = {isa = PBXBuildFile; fileRef = 3CC2E9E128EA0DC2009C6DF0 /* GridView.swift */; };
		3CE06CED28BD967C00DE43C8 /* TextView.swift in Sources */ = {isa = PBXBuildFile; fileRef = 3CE06CEC28BD967C00DE43C8 /* TextView.swift */; };
		3CE40F6E28D823AD00F1F945 /* ColorView.swift in Sources */ = {isa = PBXBuildFile; fileRef = 3CE40F6D28D823AD00F1F945 /* ColorView.swift */; };
		A027FFEB28CB952F00D02ACB /* ZStackView.swift in Sources */ = {isa = PBXBuildFile; fileRef = A027FFEA28CB952F00D02ACB /* ZStackView.swift */; };
		A051D99228DF7A0500D26BE0 /* ScrollableView.swift in Sources */ = {isa = PBXBuildFile; fileRef = A051D99128DF7A0500D26BE0 /* ScrollableView.swift */; };
		A0B0F8C328CD055900835342 /* TextInputView.swift in Sources */ = {isa = PBXBuildFile; fileRef = A0B0F8C228CD055900835342 /* TextInputView.swift */; };
/* End PBXBuildFile section */

/* Begin PBXFileReference section */
		3C27C9DA28ED9C910040F557 /* BottomNaviView.swift */ = {isa = PBXFileReference; lastKnownFileType = sourcecode.swift; path = BottomNaviView.swift; sourceTree = "<group>"; };
		3C48C6C328BD3683000B7EDC /* Launch.storyboard */ = {isa = PBXFileReference; lastKnownFileType = file.storyboard; path = Launch.storyboard; sourceTree = "<group>"; };
		3C6B61C928DDBB3700F31A41 /* ListView.swift */ = {isa = PBXFileReference; lastKnownFileType = sourcecode.swift; path = ListView.swift; sourceTree = "<group>"; };
		3C6B61CB28DDBF3400F31A41 /* ListView1.swift */ = {isa = PBXFileReference; lastKnownFileType = sourcecode.swift; path = ListView1.swift; sourceTree = "<group>"; };
		3C6B61CD28DDEE3400F31A41 /* ListView2.swift */ = {isa = PBXFileReference; lastKnownFileType = sourcecode.swift; path = ListView2.swift; sourceTree = "<group>"; };
		3C6B61CF28DDEE3D00F31A41 /* ListView3.swift */ = {isa = PBXFileReference; lastKnownFileType = sourcecode.swift; path = ListView3.swift; sourceTree = "<group>"; };
		3C6B61D128DDEE4200F31A41 /* ListView4.swift */ = {isa = PBXFileReference; lastKnownFileType = sourcecode.swift; path = ListView4.swift; sourceTree = "<group>"; };
		3C6B61D328DDEE4900F31A41 /* ListView5.swift */ = {isa = PBXFileReference; lastKnownFileType = sourcecode.swift; path = ListView5.swift; sourceTree = "<group>"; };
		3C6B61D528DDEE5A00F31A41 /* ListView6.swift */ = {isa = PBXFileReference; lastKnownFileType = sourcecode.swift; path = ListView6.swift; sourceTree = "<group>"; };
		3C6B61D728DDEE5F00F31A41 /* ListView7.swift */ = {isa = PBXFileReference; lastKnownFileType = sourcecode.swift; path = ListView7.swift; sourceTree = "<group>"; };
		3C6B61D928DDEE6800F31A41 /* ListView8.swift */ = {isa = PBXFileReference; lastKnownFileType = sourcecode.swift; path = ListView8.swift; sourceTree = "<group>"; };
		3C6B61DB28DDEE6D00F31A41 /* ListView9.swift */ = {isa = PBXFileReference; lastKnownFileType = sourcecode.swift; path = ListView9.swift; sourceTree = "<group>"; };
		3C70898B28BDE2E400B6A3D8 /* ButtonView.swift */ = {isa = PBXFileReference; lastKnownFileType = sourcecode.swift; path = ButtonView.swift; sourceTree = "<group>"; };
		3C713D9128C4827B006259A4 /* DatePickerView.swift */ = {isa = PBXFileReference; lastKnownFileType = sourcecode.swift; path = DatePickerView.swift; sourceTree = "<group>"; };
		3C713D9328C51946006259A4 /* OtherControlView.swift */ = {isa = PBXFileReference; lastKnownFileType = sourcecode.swift; path = OtherControlView.swift; sourceTree = "<group>"; };
		3C713D9728C52B29006259A4 /* AlertView.swift */ = {isa = PBXFileReference; lastKnownFileType = sourcecode.swift; path = AlertView.swift; sourceTree = "<group>"; };
		3C7530FA28BD252500897085 /* Info.plist */ = {isa = PBXFileReference; lastKnownFileType = text.plist; path = Info.plist; sourceTree = "<group>"; };
		3C7A778428DB7746001AC918 /* LayoutView.swift */ = {isa = PBXFileReference; lastKnownFileType = sourcecode.swift; path = LayoutView.swift; sourceTree = "<group>"; };
		3C7A778628DB7F72001AC918 /* LabView.swift */ = {isa = PBXFileReference; lastKnownFileType = sourcecode.swift; path = LabView.swift; sourceTree = "<group>"; };
		3C7D41C528ECA551005DA580 /* NaviView.swift */ = {isa = PBXFileReference; lastKnownFileType = sourcecode.swift; path = NaviView.swift; sourceTree = "<group>"; };
		3C810BDF28D8A2C300EFA209 /* ShapeView.swift */ = {isa = PBXFileReference; lastKnownFileType = sourcecode.swift; path = ShapeView.swift; sourceTree = "<group>"; };
		3C810BE128DA06D300EFA209 /* ImagePickerView.swift */ = {isa = PBXFileReference; lastKnownFileType = sourcecode.swift; path = ImagePickerView.swift; sourceTree = "<group>"; };
		3C8A995128BFB536002B776A /* CommonView.swift */ = {isa = PBXFileReference; lastKnownFileType = sourcecode.swift; path = CommonView.swift; sourceTree = "<group>"; };
		3C8A995328C351A7002B776A /* VStackView.swift */ = {isa = PBXFileReference; lastKnownFileType = sourcecode.swift; path = VStackView.swift; sourceTree = "<group>"; };
		3C8A995528C3645C002B776A /* PickerView.swift */ = {isa = PBXFileReference; lastKnownFileType = sourcecode.swift; path = PickerView.swift; sourceTree = "<group>"; };
		3C8B7AA428C90188001CDFCF /* ImageView.swift */ = {isa = PBXFileReference; lastKnownFileType = sourcecode.swift; path = ImageView.swift; sourceTree = "<group>"; };
		3C8DF9C328CE5A0A009058FA /* OtherView.swift */ = {isa = PBXFileReference; lastKnownFileType = sourcecode.swift; path = OtherView.swift; sourceTree = "<group>"; };
		3CA7EA8228ABFF940005C958 /* FDLS.app */ = {isa = PBXFileReference; explicitFileType = wrapper.application; includeInIndex = 0; path = FDLS.app; sourceTree = BUILT_PRODUCTS_DIR; };
		3CA7EA8528ABFF940005C958 /* FDLSApp.swift */ = {isa = PBXFileReference; lastKnownFileType = sourcecode.swift; path = FDLSApp.swift; sourceTree = "<group>"; };
		3CA7EA8728ABFF940005C958 /* RootView.swift */ = {isa = PBXFileReference; lastKnownFileType = sourcecode.swift; path = RootView.swift; sourceTree = "<group>"; };
		3CA7EA8928ABFF950005C958 /* Assets.xcassets */ = {isa = PBXFileReference; lastKnownFileType = folder.assetcatalog; path = Assets.xcassets; sourceTree = "<group>"; };
		3CA7EA8C28ABFF950005C958 /* Preview Assets.xcassets */ = {isa = PBXFileReference; lastKnownFileType = folder.assetcatalog; path = "Preview Assets.xcassets"; sourceTree = "<group>"; };
		3CC2E9E128EA0DC2009C6DF0 /* GridView.swift */ = {isa = PBXFileReference; lastKnownFileType = sourcecode.swift; path = GridView.swift; sourceTree = "<group>"; };
		3CE06CEC28BD967C00DE43C8 /* TextView.swift */ = {isa = PBXFileReference; lastKnownFileType = sourcecode.swift; path = TextView.swift; sourceTree = "<group>"; };
		3CE40F6D28D823AD00F1F945 /* ColorView.swift */ = {isa = PBXFileReference; lastKnownFileType = sourcecode.swift; path = ColorView.swift; sourceTree = "<group>"; };
		A027FFEA28CB952F00D02ACB /* ZStackView.swift */ = {isa = PBXFileReference; lastKnownFileType = sourcecode.swift; path = ZStackView.swift; sourceTree = "<group>"; };
		A051D99128DF7A0500D26BE0 /* ScrollableView.swift */ = {isa = PBXFileReference; lastKnownFileType = sourcecode.swift; path = ScrollableView.swift; sourceTree = "<group>"; };
		A0B0F8C228CD055900835342 /* TextInputView.swift */ = {isa = PBXFileReference; lastKnownFileType = sourcecode.swift; path = TextInputView.swift; sourceTree = "<group>"; };
/* End PBXFileReference section */

/* Begin PBXFrameworksBuildPhase section */
		3CA7EA7F28ABFF940005C958 /* Frameworks */ = {
			isa = PBXFrameworksBuildPhase;
			buildActionMask = 2147483647;
			files = (
			);
			runOnlyForDeploymentPostprocessing = 0;
		};
/* End PBXFrameworksBuildPhase section */

/* Begin PBXGroup section */
		3C6B61DD28DDEE7F00F31A41 /* listView */ = {
			isa = PBXGroup;
			children = (
				3C6B61CB28DDBF3400F31A41 /* ListView1.swift */,
				3C6B61CD28DDEE3400F31A41 /* ListView2.swift */,
				3C6B61CF28DDEE3D00F31A41 /* ListView3.swift */,
				3C6B61D128DDEE4200F31A41 /* ListView4.swift */,
				3C6B61D328DDEE4900F31A41 /* ListView5.swift */,
				3C6B61D528DDEE5A00F31A41 /* ListView6.swift */,
				3C6B61D728DDEE5F00F31A41 /* ListView7.swift */,
				3C6B61D928DDEE6800F31A41 /* ListView8.swift */,
				3C6B61DB28DDEE6D00F31A41 /* ListView9.swift */,
			);
			path = listView;
			sourceTree = "<group>";
		};
		3CA7EA7928ABFF930005C958 = {
			isa = PBXGroup;
			children = (
				3CA7EA8428ABFF940005C958 /* FDLS */,
				3CA7EA8328ABFF940005C958 /* Products */,
			);
			sourceTree = "<group>";
		};
		3CA7EA8328ABFF940005C958 /* Products */ = {
			isa = PBXGroup;
			children = (
				3CA7EA8228ABFF940005C958 /* FDLS.app */,
			);
			name = Products;
			sourceTree = "<group>";
		};
		3CA7EA8428ABFF940005C958 /* FDLS */ = {
			isa = PBXGroup;
			children = (
				3CA7EA8528ABFF940005C958 /* FDLSApp.swift */,
				3CA7EA8728ABFF940005C958 /* RootView.swift */,
				3C7A778628DB7F72001AC918 /* LabView.swift */,
				3CE06CEB28BD966300DE43C8 /* Views */,
				3CA7EA8928ABFF950005C958 /* Assets.xcassets */,
				3C7530FA28BD252500897085 /* Info.plist */,
				3C48C6C328BD3683000B7EDC /* Launch.storyboard */,
				3CA7EA8B28ABFF950005C958 /* Preview Content */,
			);
			path = FDLS;
			sourceTree = "<group>";
		};
		3CA7EA8B28ABFF950005C958 /* Preview Content */ = {
			isa = PBXGroup;
			children = (
				3CA7EA8C28ABFF950005C958 /* Preview Assets.xcassets */,
			);
			path = "Preview Content";
			sourceTree = "<group>";
		};
		3CE06CEB28BD966300DE43C8 /* Views */ = {
			isa = PBXGroup;
			children = (
				3C713D9728C52B29006259A4 /* AlertView.swift */,
				3C27C9DA28ED9C910040F557 /* BottomNaviView.swift */,
				3C70898B28BDE2E400B6A3D8 /* ButtonView.swift */,
				3CE40F6D28D823AD00F1F945 /* ColorView.swift */,
				3C8A995128BFB536002B776A /* CommonView.swift */,
				3C713D9128C4827B006259A4 /* DatePickerView.swift */,
				3CC2E9E128EA0DC2009C6DF0 /* GridView.swift */,
				3C810BE128DA06D300EFA209 /* ImagePickerView.swift */,
				3C8B7AA428C90188001CDFCF /* ImageView.swift */,
				3C7A778428DB7746001AC918 /* LayoutView.swift */,
				3C6B61C928DDBB3700F31A41 /* ListView.swift */,
				3C6B61DD28DDEE7F00F31A41 /* listView */,
				3C7D41C528ECA551005DA580 /* NaviView.swift */,
				3C713D9328C51946006259A4 /* OtherControlView.swift */,
				3C8DF9C328CE5A0A009058FA /* OtherView.swift */,
				3C8A995528C3645C002B776A /* PickerView.swift */,
				A051D99128DF7A0500D26BE0 /* ScrollableView.swift */,
				3C810BDF28D8A2C300EFA209 /* ShapeView.swift */,
				A0B0F8C228CD055900835342 /* TextInputView.swift */,
				3CE06CEC28BD967C00DE43C8 /* TextView.swift */,
				3C8A995328C351A7002B776A /* VStackView.swift */,
				A027FFEA28CB952F00D02ACB /* ZStackView.swift */,
			);
			path = Views;
			sourceTree = "<group>";
		};
/* End PBXGroup section */

/* Begin PBXNativeTarget section */
		3CA7EA8128ABFF940005C958 /* FDLS */ = {
			isa = PBXNativeTarget;
			buildConfigurationList = 3CA7EAA628ABFF950005C958 /* Build configuration list for PBXNativeTarget "FDLS" */;
			buildPhases = (
				3CA7EA7E28ABFF940005C958 /* Sources */,
				3CA7EA7F28ABFF940005C958 /* Frameworks */,
				3CA7EA8028ABFF940005C958 /* Resources */,
			);
			buildRules = (
			);
			dependencies = (
			);
			name = FDLS;
			productName = FDLS;
			productReference = 3CA7EA8228ABFF940005C958 /* FDLS.app */;
			productType = "com.apple.product-type.application";
		};
/* End PBXNativeTarget section */

/* Begin PBXProject section */
		3CA7EA7A28ABFF930005C958 /* Project object */ = {
			isa = PBXProject;
			attributes = {
				BuildIndependentTargetsInParallel = 1;
				LastSwiftUpdateCheck = 1300;
				LastUpgradeCheck = 1300;
				TargetAttributes = {
					3CA7EA8128ABFF940005C958 = {
						CreatedOnToolsVersion = 13.0;
					};
				};
			};
			buildConfigurationList = 3CA7EA7D28ABFF930005C958 /* Build configuration list for PBXProject "FDLS" */;
			compatibilityVersion = "Xcode 13.0";
			developmentRegion = en;
			hasScannedForEncodings = 0;
			knownRegions = (
				en,
				Base,
			);
			mainGroup = 3CA7EA7928ABFF930005C958;
			productRefGroup = 3CA7EA8328ABFF940005C958 /* Products */;
			projectDirPath = "";
			projectRoot = "";
			targets = (
				3CA7EA8128ABFF940005C958 /* FDLS */,
			);
		};
/* End PBXProject section */

/* Begin PBXResourcesBuildPhase section */
		3CA7EA8028ABFF940005C958 /* Resources */ = {
			isa = PBXResourcesBuildPhase;
			buildActionMask = 2147483647;
			files = (
				3CA7EA8D28ABFF950005C958 /* Preview Assets.xcassets in Resources */,
				3CA7EA8A28ABFF950005C958 /* Assets.xcassets in Resources */,
				3C48C6C428BD3683000B7EDC /* Launch.storyboard in Resources */,
			);
			runOnlyForDeploymentPostprocessing = 0;
		};
/* End PBXResourcesBuildPhase section */

/* Begin PBXSourcesBuildPhase section */
		3CA7EA7E28ABFF940005C958 /* Sources */ = {
			isa = PBXSourcesBuildPhase;
			buildActionMask = 2147483647;
			files = (
				3C8B7AA528C90188001CDFCF /* ImageView.swift in Sources */,
				3C6B61CE28DDEE3400F31A41 /* ListView2.swift in Sources */,
				3CE06CED28BD967C00DE43C8 /* TextView.swift in Sources */,
				A0B0F8C328CD055900835342 /* TextInputView.swift in Sources */,
				3C7A778528DB7746001AC918 /* LayoutView.swift in Sources */,
				3CA7EA8828ABFF940005C958 /* RootView.swift in Sources */,
				3C810BE228DA06D300EFA209 /* ImagePickerView.swift in Sources */,
				3C6B61DA28DDEE6800F31A41 /* ListView8.swift in Sources */,
				3CE40F6E28D823AD00F1F945 /* ColorView.swift in Sources */,
				3C8A995228BFB536002B776A /* CommonView.swift in Sources */,
				3CC2E9E228EA0DC2009C6DF0 /* GridView.swift in Sources */,
				3C713D9828C52B29006259A4 /* AlertView.swift in Sources */,
				3C6B61D428DDEE4900F31A41 /* ListView5.swift in Sources */,
				3C70898C28BDE2E400B6A3D8 /* ButtonView.swift in Sources */,
				3C6B61D228DDEE4200F31A41 /* ListView4.swift in Sources */,
				3CA7EA8628ABFF940005C958 /* FDLSApp.swift in Sources */,
				A051D99228DF7A0500D26BE0 /* ScrollableView.swift in Sources */,
				3C6B61D028DDEE3D00F31A41 /* ListView3.swift in Sources */,
				3C7D41C628ECA551005DA580 /* NaviView.swift in Sources */,
				3C713D9428C51946006259A4 /* OtherControlView.swift in Sources */,
				3C6B61D628DDEE5A00F31A41 /* ListView6.swift in Sources */,
				3C8A995628C3645C002B776A /* PickerView.swift in Sources */,
				3C8A995428C351A7002B776A /* VStackView.swift in Sources */,
				3C7A778728DB7F72001AC918 /* LabView.swift in Sources */,
				3C6B61D828DDEE5F00F31A41 /* ListView7.swift in Sources */,
				3C713D9228C4827B006259A4 /* DatePickerView.swift in Sources */,
				3C810BE028D8A2C300EFA209 /* ShapeView.swift in Sources */,
				3C6B61DC28DDEE6D00F31A41 /* ListView9.swift in Sources */,
				3C6B61CA28DDBB3700F31A41 /* ListView.swift in Sources */,
				3C27C9DB28ED9C910040F557 /* BottomNaviView.swift in Sources */,
				3C6B61CC28DDBF3400F31A41 /* ListView1.swift in Sources */,
				A027FFEB28CB952F00D02ACB /* ZStackView.swift in Sources */,
				3C8DF9C428CE5A0A009058FA /* OtherView.swift in Sources */,
			);
			runOnlyForDeploymentPostprocessing = 0;
		};
/* End PBXSourcesBuildPhase section */

/* Begin XCBuildConfiguration section */
		3CA7EAA428ABFF950005C958 /* Debug */ = {
			isa = XCBuildConfiguration;
			buildSettings = {
				ALWAYS_SEARCH_USER_PATHS = NO;
				CLANG_ANALYZER_NONNULL = YES;
				CLANG_ANALYZER_NUMBER_OBJECT_CONVERSION = YES_AGGRESSIVE;
				CLANG_CXX_LANGUAGE_STANDARD = "gnu++17";
				CLANG_CXX_LIBRARY = "libc++";
				CLANG_ENABLE_MODULES = YES;
				CLANG_ENABLE_OBJC_ARC = YES;
				CLANG_ENABLE_OBJC_WEAK = YES;
				CLANG_WARN_BLOCK_CAPTURE_AUTORELEASING = YES;
				CLANG_WARN_BOOL_CONVERSION = YES;
				CLANG_WARN_COMMA = YES;
				CLANG_WARN_CONSTANT_CONVERSION = YES;
				CLANG_WARN_DEPRECATED_OBJC_IMPLEMENTATIONS = YES;
				CLANG_WARN_DIRECT_OBJC_ISA_USAGE = YES_ERROR;
				CLANG_WARN_DOCUMENTATION_COMMENTS = YES;
				CLANG_WARN_EMPTY_BODY = YES;
				CLANG_WARN_ENUM_CONVERSION = YES;
				CLANG_WARN_INFINITE_RECURSION = YES;
				CLANG_WARN_INT_CONVERSION = YES;
				CLANG_WARN_NON_LITERAL_NULL_CONVERSION = YES;
				CLANG_WARN_OBJC_IMPLICIT_RETAIN_SELF = YES;
				CLANG_WARN_OBJC_LITERAL_CONVERSION = YES;
				CLANG_WARN_OBJC_ROOT_CLASS = YES_ERROR;
				CLANG_WARN_QUOTED_INCLUDE_IN_FRAMEWORK_HEADER = YES;
				CLANG_WARN_RANGE_LOOP_ANALYSIS = YES;
				CLANG_WARN_STRICT_PROTOTYPES = YES;
				CLANG_WARN_SUSPICIOUS_MOVE = YES;
				CLANG_WARN_UNGUARDED_AVAILABILITY = YES_AGGRESSIVE;
				CLANG_WARN_UNREACHABLE_CODE = YES;
				CLANG_WARN__DUPLICATE_METHOD_MATCH = YES;
				COPY_PHASE_STRIP = NO;
				DEBUG_INFORMATION_FORMAT = dwarf;
				ENABLE_STRICT_OBJC_MSGSEND = YES;
				ENABLE_TESTABILITY = YES;
				GCC_C_LANGUAGE_STANDARD = gnu11;
				GCC_DYNAMIC_NO_PIC = NO;
				GCC_NO_COMMON_BLOCKS = YES;
				GCC_OPTIMIZATION_LEVEL = 0;
				GCC_PREPROCESSOR_DEFINITIONS = (
					"DEBUG=1",
					"$(inherited)",
				);
				GCC_WARN_64_TO_32_BIT_CONVERSION = YES;
				GCC_WARN_ABOUT_RETURN_TYPE = YES_ERROR;
				GCC_WARN_UNDECLARED_SELECTOR = YES;
				GCC_WARN_UNINITIALIZED_AUTOS = YES_AGGRESSIVE;
				GCC_WARN_UNUSED_FUNCTION = YES;
				GCC_WARN_UNUSED_VARIABLE = YES;
				IPHONEOS_DEPLOYMENT_TARGET = 15.0;
				MTL_ENABLE_DEBUG_INFO = INCLUDE_SOURCE;
				MTL_FAST_MATH = YES;
				ONLY_ACTIVE_ARCH = YES;
				SDKROOT = iphoneos;
				SWIFT_ACTIVE_COMPILATION_CONDITIONS = DEBUG;
				SWIFT_OPTIMIZATION_LEVEL = "-Onone";
			};
			name = Debug;
		};
		3CA7EAA528ABFF950005C958 /* Release */ = {
			isa = XCBuildConfiguration;
			buildSettings = {
				ALWAYS_SEARCH_USER_PATHS = NO;
				CLANG_ANALYZER_NONNULL = YES;
				CLANG_ANALYZER_NUMBER_OBJECT_CONVERSION = YES_AGGRESSIVE;
				CLANG_CXX_LANGUAGE_STANDARD = "gnu++17";
				CLANG_CXX_LIBRARY = "libc++";
				CLANG_ENABLE_MODULES = YES;
				CLANG_ENABLE_OBJC_ARC = YES;
				CLANG_ENABLE_OBJC_WEAK = YES;
				CLANG_WARN_BLOCK_CAPTURE_AUTORELEASING = YES;
				CLANG_WARN_BOOL_CONVERSION = YES;
				CLANG_WARN_COMMA = YES;
				CLANG_WARN_CONSTANT_CONVERSION = YES;
				CLANG_WARN_DEPRECATED_OBJC_IMPLEMENTATIONS = YES;
				CLANG_WARN_DIRECT_OBJC_ISA_USAGE = YES_ERROR;
				CLANG_WARN_DOCUMENTATION_COMMENTS = YES;
				CLANG_WARN_EMPTY_BODY = YES;
				CLANG_WARN_ENUM_CONVERSION = YES;
				CLANG_WARN_INFINITE_RECURSION = YES;
				CLANG_WARN_INT_CONVERSION = YES;
				CLANG_WARN_NON_LITERAL_NULL_CONVERSION = YES;
				CLANG_WARN_OBJC_IMPLICIT_RETAIN_SELF = YES;
				CLANG_WARN_OBJC_LITERAL_CONVERSION = YES;
				CLANG_WARN_OBJC_ROOT_CLASS = YES_ERROR;
				CLANG_WARN_QUOTED_INCLUDE_IN_FRAMEWORK_HEADER = YES;
				CLANG_WARN_RANGE_LOOP_ANALYSIS = YES;
				CLANG_WARN_STRICT_PROTOTYPES = YES;
				CLANG_WARN_SUSPICIOUS_MOVE = YES;
				CLANG_WARN_UNGUARDED_AVAILABILITY = YES_AGGRESSIVE;
				CLANG_WARN_UNREACHABLE_CODE = YES;
				CLANG_WARN__DUPLICATE_METHOD_MATCH = YES;
				COPY_PHASE_STRIP = NO;
				DEBUG_INFORMATION_FORMAT = "dwarf-with-dsym";
				ENABLE_NS_ASSERTIONS = NO;
				ENABLE_STRICT_OBJC_MSGSEND = YES;
				GCC_C_LANGUAGE_STANDARD = gnu11;
				GCC_NO_COMMON_BLOCKS = YES;
				GCC_WARN_64_TO_32_BIT_CONVERSION = YES;
				GCC_WARN_ABOUT_RETURN_TYPE = YES_ERROR;
				GCC_WARN_UNDECLARED_SELECTOR = YES;
				GCC_WARN_UNINITIALIZED_AUTOS = YES_AGGRESSIVE;
				GCC_WARN_UNUSED_FUNCTION = YES;
				GCC_WARN_UNUSED_VARIABLE = YES;
				IPHONEOS_DEPLOYMENT_TARGET = 15.0;
				MTL_ENABLE_DEBUG_INFO = NO;
				MTL_FAST_MATH = YES;
				SDKROOT = iphoneos;
				SWIFT_COMPILATION_MODE = wholemodule;
				SWIFT_OPTIMIZATION_LEVEL = "-O";
				VALIDATE_PRODUCT = YES;
			};
			name = Release;
		};
		3CA7EAA728ABFF950005C958 /* Debug */ = {
			isa = XCBuildConfiguration;
			buildSettings = {
				ASSETCATALOG_COMPILER_APPICON_NAME = AppIcon;
				ASSETCATALOG_COMPILER_GLOBAL_ACCENT_COLOR_NAME = AccentColor;
				CODE_SIGN_IDENTITY = "Apple Development";
				CODE_SIGN_STYLE = Automatic;
				CURRENT_PROJECT_VERSION = 1;
				DEVELOPMENT_ASSET_PATHS = "\"FDLS/Preview Content\"";
				DEVELOPMENT_TEAM = 3TC7C2KN5F;
				ENABLE_PREVIEWS = YES;
				GENERATE_INFOPLIST_FILE = YES;
				INFOPLIST_FILE = FDLS/Info.plist;
				INFOPLIST_KEY_NSCameraUsageDescription = "Take a Picture";
				INFOPLIST_KEY_UIApplicationSceneManifest_Generation = YES;
				INFOPLIST_KEY_UIApplicationSupportsIndirectInputEvents = YES;
				INFOPLIST_KEY_UILaunchStoryboardName = Launch;
				INFOPLIST_KEY_UISupportedInterfaceOrientations = UIInterfaceOrientationPortrait;
				INFOPLIST_KEY_UISupportedInterfaceOrientations_iPad = "UIInterfaceOrientationPortrait UIInterfaceOrientationPortraitUpsideDown UIInterfaceOrientationLandscapeLeft UIInterfaceOrientationLandscapeRight";
				INFOPLIST_KEY_UISupportedInterfaceOrientations_iPhone = "UIInterfaceOrientationPortrait UIInterfaceOrientationLandscapeLeft UIInterfaceOrientationLandscapeRight";
				IPHONEOS_DEPLOYMENT_TARGET = 15.0;
				LD_RUNPATH_SEARCH_PATHS = (
					"$(inherited)",
					"@executable_path/Frameworks",
				);
				MARKETING_VERSION = 1.0;
				PRODUCT_BUNDLE_IDENTIFIER = org.markfly.FDLS;
				PRODUCT_NAME = "$(TARGET_NAME)";
				PROVISIONING_PROFILE_SPECIFIER = "";
				SWIFT_EMIT_LOC_STRINGS = YES;
				SWIFT_VERSION = 5.0;
				TARGETED_DEVICE_FAMILY = "1,2";
			};
			name = Debug;
		};
		3CA7EAA828ABFF950005C958 /* Release */ = {
			isa = XCBuildConfiguration;
			buildSettings = {
				ASSETCATALOG_COMPILER_APPICON_NAME = AppIcon;
				ASSETCATALOG_COMPILER_GLOBAL_ACCENT_COLOR_NAME = AccentColor;
				CODE_SIGN_IDENTITY = "Apple Development";
				CODE_SIGN_STYLE = Automatic;
				CURRENT_PROJECT_VERSION = 1;
				DEVELOPMENT_ASSET_PATHS = "\"FDLS/Preview Content\"";
				DEVELOPMENT_TEAM = 3TC7C2KN5F;
				ENABLE_PREVIEWS = YES;
				GENERATE_INFOPLIST_FILE = YES;
				INFOPLIST_FILE = FDLS/Info.plist;
				INFOPLIST_KEY_NSCameraUsageDescription = "Take a Picture";
				INFOPLIST_KEY_UIApplicationSceneManifest_Generation = YES;
				INFOPLIST_KEY_UIApplicationSupportsIndirectInputEvents = YES;
				INFOPLIST_KEY_UILaunchStoryboardName = Launch;
				INFOPLIST_KEY_UISupportedInterfaceOrientations = UIInterfaceOrientationPortrait;
				INFOPLIST_KEY_UISupportedInterfaceOrientations_iPad = "UIInterfaceOrientationPortrait UIInterfaceOrientationPortraitUpsideDown UIInterfaceOrientationLandscapeLeft UIInterfaceOrientationLandscapeRight";
				INFOPLIST_KEY_UISupportedInterfaceOrientations_iPhone = "UIInterfaceOrientationPortrait UIInterfaceOrientationLandscapeLeft UIInterfaceOrientationLandscapeRight";
				IPHONEOS_DEPLOYMENT_TARGET = 15.0;
				LD_RUNPATH_SEARCH_PATHS = (
					"$(inherited)",
					"@executable_path/Frameworks",
				);
				MARKETING_VERSION = 1.0;
				PRODUCT_BUNDLE_IDENTIFIER = org.markfly.FDLS;
				PRODUCT_NAME = "$(TARGET_NAME)";
				PROVISIONING_PROFILE_SPECIFIER = "";
				SWIFT_EMIT_LOC_STRINGS = YES;
				SWIFT_VERSION = 5.0;
				TARGETED_DEVICE_FAMILY = "1,2";
			};
			name = Release;
		};
/* End XCBuildConfiguration section */

/* Begin XCConfigurationList section */
		3CA7EA7D28ABFF930005C958 /* Build configuration list for PBXProject "FDLS" */ = {
			isa = XCConfigurationList;
			buildConfigurations = (
				3CA7EAA428ABFF950005C958 /* Debug */,
				3CA7EAA528ABFF950005C958 /* Release */,
			);
			defaultConfigurationIsVisible = 0;
			defaultConfigurationName = Release;
		};
		3CA7EAA628ABFF950005C958 /* Build configuration list for PBXNativeTarget "FDLS" */ = {
			isa = XCConfigurationList;
			buildConfigurations = (
				3CA7EAA728ABFF950005C958 /* Debug */,
				3CA7EAA828ABFF950005C958 /* Release */,
			);
			defaultConfigurationIsVisible = 0;
			defaultConfigurationName = Release;
		};
/* End XCConfigurationList section */
	};
	rootObject = 3CA7EA7A28ABFF930005C958 /* Project object */;
}
