// !$*UTF8*$!
{
	archiveVersion = 1;
	classes = {
	};
	objectVersion = 55;
	objects = {

/* Begin PBXBuildFile section */
		A0B3DAF428F1AFCA00F7338C /* MultiSwiftUIApp.swift in Sources */ = {isa = PBXBuildFile; fileRef = A0B3DAE428F1AFC800F7338C /* MultiSwiftUIApp.swift */; };
		A0B3DAF528F1AFCA00F7338C /* MultiSwiftUIApp.swift in Sources */ = {isa = PBXBuildFile; fileRef = A0B3DAE428F1AFC800F7338C /* MultiSwiftUIApp.swift */; };
		A0B3DAF628F1AFCA00F7338C /* ContentView.swift in Sources */ = {isa = PBXBuildFile; fileRef = A0B3DAE528F1AFC800F7338C /* ContentView.swift */; };
		A0B3DAF828F1AFCA00F7338C /* Assets.xcassets in Resources */ = {isa = PBXBuildFile; fileRef = A0B3DAE628F1AFCA00F7338C /* Assets.xcassets */; };
		A0B3DAF928F1AFCA00F7338C /* Assets.xcassets in Resources */ = {isa = PBXBuildFile; fileRef = A0B3DAE628F1AFCA00F7338C /* Assets.xcassets */; };
		A0B3DB2428F1BB1400F7338C /* ContentView.swift in Sources */ = {isa = PBXBuildFile; fileRef = A0B3DAE528F1AFC800F7338C /* ContentView.swift */; };
/* End PBXBuildFile section */

/* Begin PBXFileReference section */
		A0B3DAE428F1AFC800F7338C /* MultiSwiftUIApp.swift */ = {isa = PBXFileReference; lastKnownFileType = sourcecode.swift; path = MultiSwiftUIApp.swift; sourceTree = "<group>"; };
		A0B3DAE528F1AFC800F7338C /* ContentView.swift */ = {isa = PBXFileReference; lastKnownFileType = sourcecode.swift; path = ContentView.swift; sourceTree = "<group>"; };
		A0B3DAE628F1AFCA00F7338C /* Assets.xcassets */ = {isa = PBXFileReference; lastKnownFileType = folder.assetcatalog; path = Assets.xcassets; sourceTree = "<group>"; };
		A0B3DAEB28F1AFCA00F7338C /* MultiSwiftUI.app */ = {isa = PBXFileReference; explicitFileType = wrapper.application; includeInIndex = 0; path = MultiSwiftUI.app; sourceTree = BUILT_PRODUCTS_DIR; };
		A0B3DAF128F1AFCA00F7338C /* MultiSwiftUI.app */ = {isa = PBXFileReference; explicitFileType = wrapper.application; includeInIndex = 0; path = MultiSwiftUI.app; sourceTree = BUILT_PRODUCTS_DIR; };
		A0B3DAF328F1AFCA00F7338C /* macOS.entitlements */ = {isa = PBXFileReference; lastKnownFileType = text.plist.entitlements; path = macOS.entitlements; sourceTree = "<group>"; };
/* End PBXFileReference section */

/* Begin PBXFrameworksBuildPhase section */
		A0B3DAE828F1AFCA00F7338C /* Frameworks */ = {
			isa = PBXFrameworksBuildPhase;
			buildActionMask = 2147483647;
			files = (
			);
			runOnlyForDeploymentPostprocessing = 0;
		};
		A0B3DAEE28F1AFCA00F7338C /* Frameworks */ = {
			isa = PBXFrameworksBuildPhase;
			buildActionMask = 2147483647;
			files = (
			);
			runOnlyForDeploymentPostprocessing = 0;
		};
/* End PBXFrameworksBuildPhase section */

/* Begin PBXGroup section */
		A0B3DADE28F1AFC800F7338C = {
			isa = PBXGroup;
			children = (
				A0B3DAE328F1AFC800F7338C /* Shared */,
				A0B3DAF228F1AFCA00F7338C /* macOS */,
				A0B3DAEC28F1AFCA00F7338C /* Products */,
			);
			sourceTree = "<group>";
		};
		A0B3DAE328F1AFC800F7338C /* Shared */ = {
			isa = PBXGroup;
			children = (
				A0B3DAE428F1AFC800F7338C /* MultiSwiftUIApp.swift */,
				A0B3DAE528F1AFC800F7338C /* ContentView.swift */,
				A0B3DAE628F1AFCA00F7338C /* Assets.xcassets */,
			);
			path = Shared;
			sourceTree = "<group>";
		};
		A0B3DAEC28F1AFCA00F7338C /* Products */ = {
			isa = PBXGroup;
			children = (
				A0B3DAEB28F1AFCA00F7338C /* MultiSwiftUI.app */,
				A0B3DAF128F1AFCA00F7338C /* MultiSwiftUI.app */,
			);
			name = Products;
			sourceTree = "<group>";
		};
		A0B3DAF228F1AFCA00F7338C /* macOS */ = {
			isa = PBXGroup;
			children = (
				A0B3DAF328F1AFCA00F7338C /* macOS.entitlements */,
			);
			path = macOS;
			sourceTree = "<group>";
		};
/* End PBXGroup section */

/* Begin PBXNativeTarget section */
		A0B3DAEA28F1AFCA00F7338C /* MultiSwiftUI (iOS) */ = {
			isa = PBXNativeTarget;
			buildConfigurationList = A0B3DAFC28F1AFCA00F7338C /* Build configuration list for PBXNativeTarget "MultiSwiftUI (iOS)" */;
			buildPhases = (
				A0B3DAE728F1AFCA00F7338C /* Sources */,
				A0B3DAE828F1AFCA00F7338C /* Frameworks */,
				A0B3DAE928F1AFCA00F7338C /* Resources */,
			);
			buildRules = (
			);
			dependencies = (
			);
			name = "MultiSwiftUI (iOS)";
			productName = "MultiSwiftUI (iOS)";
			productReference = A0B3DAEB28F1AFCA00F7338C /* MultiSwiftUI.app */;
			productType = "com.apple.product-type.application";
		};
		A0B3DAF028F1AFCA00F7338C /* MultiSwiftUI (macOS) */ = {
			isa = PBXNativeTarget;
			buildConfigurationList = A0B3DAFF28F1AFCA00F7338C /* Build configuration list for PBXNativeTarget "MultiSwiftUI (macOS)" */;
			buildPhases = (
				A0B3DAED28F1AFCA00F7338C /* Sources */,
				A0B3DAEE28F1AFCA00F7338C /* Frameworks */,
				A0B3DAEF28F1AFCA00F7338C /* Resources */,
			);
			buildRules = (
			);
			dependencies = (
			);
			name = "MultiSwiftUI (macOS)";
			productName = "MultiSwiftUI (macOS)";
			productReference = A0B3DAF128F1AFCA00F7338C /* MultiSwiftUI.app */;
			productType = "com.apple.product-type.application";
		};
/* End PBXNativeTarget section */

/* Begin PBXProject section */
		A0B3DADF28F1AFC800F7338C /* Project object */ = {
			isa = PBXProject;
			attributes = {
				BuildIndependentTargetsInParallel = 1;
				LastSwiftUpdateCheck = 1300;
				LastUpgradeCheck = 1300;
				TargetAttributes = {
					A0B3DAEA28F1AFCA00F7338C = {
						CreatedOnToolsVersion = 13.0;
					};
					A0B3DAF028F1AFCA00F7338C = {
						CreatedOnToolsVersion = 13.0;
					};
				};
			};
			buildConfigurationList = A0B3DAE228F1AFC800F7338C /* Build configuration list for PBXProject "MultiSwiftUI" */;
			compatibilityVersion = "Xcode 13.0";
			developmentRegion = en;
			hasScannedForEncodings = 0;
			knownRegions = (
				en,
				Base,
			);
			mainGroup = A0B3DADE28F1AFC800F7338C;
			productRefGroup = A0B3DAEC28F1AFCA00F7338C /* Products */;
			projectDirPath = "";
			projectRoot = "";
			targets = (
				A0B3DAEA28F1AFCA00F7338C /* MultiSwiftUI (iOS) */,
				A0B3DAF028F1AFCA00F7338C /* MultiSwiftUI (macOS) */,
			);
		};
/* End PBXProject section */

/* Begin PBXResourcesBuildPhase section */
		A0B3DAE928F1AFCA00F7338C /* Resources */ = {
			isa = PBXResourcesBuildPhase;
			buildActionMask = 2147483647;
			files = (
				A0B3DAF828F1AFCA00F7338C /* Assets.xcassets in Resources */,
			);
			runOnlyForDeploymentPostprocessing = 0;
		};
		A0B3DAEF28F1AFCA00F7338C /* Resources */ = {
			isa = PBXResourcesBuildPhase;
			buildActionMask = 2147483647;
			files = (
				A0B3DAF928F1AFCA00F7338C /* Assets.xcassets in Resources */,
			);
			runOnlyForDeploymentPostprocessing = 0;
		};
/* End PBXResourcesBuildPhase section */

/* Begin PBXSourcesBuildPhase section */
		A0B3DAE728F1AFCA00F7338C /* Sources */ = {
			isa = PBXSourcesBuildPhase;
			buildActionMask = 2147483647;
			files = (
				A0B3DAF628F1AFCA00F7338C /* ContentView.swift in Sources */,
				A0B3DAF428F1AFCA00F7338C /* MultiSwiftUIApp.swift in Sources */,
			);
			runOnlyForDeploymentPostprocessing = 0;
		};
		A0B3DAED28F1AFCA00F7338C /* Sources */ = {
			isa = PBXSourcesBuildPhase;
			buildActionMask = 2147483647;
			files = (
				A0B3DB2428F1BB1400F7338C /* ContentView.swift in Sources */,
				A0B3DAF528F1AFCA00F7338C /* MultiSwiftUIApp.swift in Sources */,
			);
			runOnlyForDeploymentPostprocessing = 0;
		};
/* End PBXSourcesBuildPhase section */

/* Begin XCBuildConfiguration section */
		A0B3DAFA28F1AFCA00F7338C /* Debug */ = {
			isa = XCBuildConfiguration;
			buildSettings = {
				ALWAYS_SEARCH_USER_PATHS = NO;
				CLANG_ANALYZER_NONNULL = YES;
				CLANG_ANALYZER_NUMBER_OBJECT_CONVERSION = YES_AGGRESSIVE;
				CLANG_CXX_LANGUAGE_STANDARD = "gnu++17";
				CLANG_CXX_LIBRARY = "libc++";
				CLANG_ENABLE_MODULES = YES;
				CLANG_ENABLE_OBJC_ARC = YES;
				CLANG_ENABLE_OBJC_WEAK = YES;
				CLANG_WARN_BLOCK_CAPTURE_AUTORELEASING = YES;
				CLANG_WARN_BOOL_CONVERSION = YES;
				CLANG_WARN_COMMA = YES;
				CLANG_WARN_CONSTANT_CONVERSION = YES;
				CLANG_WARN_DEPRECATED_OBJC_IMPLEMENTATIONS = YES;
				CLANG_WARN_DIRECT_OBJC_ISA_USAGE = YES_ERROR;
				CLANG_WARN_DOCUMENTATION_COMMENTS = YES;
				CLANG_WARN_EMPTY_BODY = YES;
				CLANG_WARN_ENUM_CONVERSION = YES;
				CLANG_WARN_INFINITE_RECURSION = YES;
				CLANG_WARN_INT_CONVERSION = YES;
				CLANG_WARN_NON_LITERAL_NULL_CONVERSION = YES;
				CLANG_WARN_OBJC_IMPLICIT_RETAIN_SELF = YES;
				CLANG_WARN_OBJC_LITERAL_CONVERSION = YES;
				CLANG_WARN_OBJC_ROOT_CLASS = YES_ERROR;
				CLANG_WARN_QUOTED_INCLUDE_IN_FRAMEWORK_HEADER = YES;
				CLANG_WARN_RANGE_LOOP_ANALYSIS = YES;
				CLANG_WARN_STRICT_PROTOTYPES = YES;
				CLANG_WARN_SUSPICIOUS_MOVE = YES;
				CLANG_WARN_UNGUARDED_AVAILABILITY = YES_AGGRESSIVE;
				CLANG_WARN_UNREACHABLE_CODE = YES;
				CLANG_WARN__DUPLICATE_METHOD_MATCH = YES;
				COPY_PHASE_STRIP = NO;
				DEBUG_INFORMATION_FORMAT = dwarf;
				ENABLE_STRICT_OBJC_MSGSEND = YES;
				ENABLE_TESTABILITY = YES;
				GCC_C_LANGUAGE_STANDARD = gnu11;
				GCC_DYNAMIC_NO_PIC = NO;
				GCC_NO_COMMON_BLOCKS = YES;
				GCC_OPTIMIZATION_LEVEL = 0;
				GCC_PREPROCESSOR_DEFINITIONS = (
					"DEBUG=1",
					"$(inherited)",
				);
				GCC_WARN_64_TO_32_BIT_CONVERSION = YES;
				GCC_WARN_ABOUT_RETURN_TYPE = YES_ERROR;
				GCC_WARN_UNDECLARED_SELECTOR = YES;
				GCC_WARN_UNINITIALIZED_AUTOS = YES_AGGRESSIVE;
				GCC_WARN_UNUSED_FUNCTION = YES;
				GCC_WARN_UNUSED_VARIABLE = YES;
				MTL_ENABLE_DEBUG_INFO = INCLUDE_SOURCE;
				MTL_FAST_MATH = YES;
				ONLY_ACTIVE_ARCH = YES;
				SWIFT_ACTIVE_COMPILATION_CONDITIONS = DEBUG;
				SWIFT_OPTIMIZATION_LEVEL = "-Onone";
			};
			name = Debug;
		};
		A0B3DAFB28F1AFCA00F7338C /* Release */ = {
			isa = XCBuildConfiguration;
			buildSettings = {
				ALWAYS_SEARCH_USER_PATHS = NO;
				CLANG_ANALYZER_NONNULL = YES;
				CLANG_ANALYZER_NUMBER_OBJECT_CONVERSION = YES_AGGRESSIVE;
				CLANG_CXX_LANGUAGE_STANDARD = "gnu++17";
				CLANG_CXX_LIBRARY = "libc++";
				CLANG_ENABLE_MODULES = YES;
				CLANG_ENABLE_OBJC_ARC = YES;
				CLANG_ENABLE_OBJC_WEAK = YES;
				CLANG_WARN_BLOCK_CAPTURE_AUTORELEASING = YES;
				CLANG_WARN_BOOL_CONVERSION = YES;
				CLANG_WARN_COMMA = YES;
				CLANG_WARN_CONSTANT_CONVERSION = YES;
				CLANG_WARN_DEPRECATED_OBJC_IMPLEMENTATIONS = YES;
				CLANG_WARN_DIRECT_OBJC_ISA_USAGE = YES_ERROR;
				CLANG_WARN_DOCUMENTATION_COMMENTS = YES;
				CLANG_WARN_EMPTY_BODY = YES;
				CLANG_WARN_ENUM_CONVERSION = YES;
				CLANG_WARN_INFINITE_RECURSION = YES;
				CLANG_WARN_INT_CONVERSION = YES;
				CLANG_WARN_NON_LITERAL_NULL_CONVERSION = YES;
				CLANG_WARN_OBJC_IMPLICIT_RETAIN_SELF = YES;
				CLANG_WARN_OBJC_LITERAL_CONVERSION = YES;
				CLANG_WARN_OBJC_ROOT_CLASS = YES_ERROR;
				CLANG_WARN_QUOTED_INCLUDE_IN_FRAMEWORK_HEADER = YES;
				CLANG_WARN_RANGE_LOOP_ANALYSIS = YES;
				CLANG_WARN_STRICT_PROTOTYPES = YES;
				CLANG_WARN_SUSPICIOUS_MOVE = YES;
				CLANG_WARN_UNGUARDED_AVAILABILITY = YES_AGGRESSIVE;
				CLANG_WARN_UNREACHABLE_CODE = YES;
				CLANG_WARN__DUPLICATE_METHOD_MATCH = YES;
				COPY_PHASE_STRIP = NO;
				DEBUG_INFORMATION_FORMAT = "dwarf-with-dsym";
				ENABLE_NS_ASSERTIONS = NO;
				ENABLE_STRICT_OBJC_MSGSEND = YES;
				GCC_C_LANGUAGE_STANDARD = gnu11;
				GCC_NO_COMMON_BLOCKS = YES;
				GCC_WARN_64_TO_32_BIT_CONVERSION = YES;
				GCC_WARN_ABOUT_RETURN_TYPE = YES_ERROR;
				GCC_WARN_UNDECLARED_SELECTOR = YES;
				GCC_WARN_UNINITIALIZED_AUTOS = YES_AGGRESSIVE;
				GCC_WARN_UNUSED_FUNCTION = YES;
				GCC_WARN_UNUSED_VARIABLE = YES;
				MTL_ENABLE_DEBUG_INFO = NO;
				MTL_FAST_MATH = YES;
				SWIFT_COMPILATION_MODE = wholemodule;
				SWIFT_OPTIMIZATION_LEVEL = "-O";
			};
			name = Release;
		};
		A0B3DAFD28F1AFCA00F7338C /* Debug */ = {
			isa = XCBuildConfiguration;
			buildSettings = {
				ASSETCATALOG_COMPILER_APPICON_NAME = AppIcon;
				ASSETCATALOG_COMPILER_GLOBAL_ACCENT_COLOR_NAME = AccentColor;
				CODE_SIGN_STYLE = Automatic;
				CURRENT_PROJECT_VERSION = 1;
				DEVELOPMENT_TEAM = RY4ZLB8695;
				ENABLE_PREVIEWS = YES;
				GENERATE_INFOPLIST_FILE = YES;
				INFOPLIST_KEY_UIApplicationSceneManifest_Generation = YES;
				INFOPLIST_KEY_UIApplicationSupportsIndirectInputEvents = YES;
				INFOPLIST_KEY_UILaunchScreen_Generation = YES;
				INFOPLIST_KEY_UISupportedInterfaceOrientations_iPad = "UIInterfaceOrientationPortrait UIInterfaceOrientationPortraitUpsideDown UIInterfaceOrientationLandscapeLeft UIInterfaceOrientationLandscapeRight";
				INFOPLIST_KEY_UISupportedInterfaceOrientations_iPhone = "UIInterfaceOrientationPortrait UIInterfaceOrientationLandscapeLeft UIInterfaceOrientationLandscapeRight";
				IPHONEOS_DEPLOYMENT_TARGET = 15.0;
				LD_RUNPATH_SEARCH_PATHS = (
					"$(inherited)",
					"@executable_path/Frameworks",
				);
				MARKETING_VERSION = 1.0;
				PRODUCT_BUNDLE_IDENTIFIER = org.markfly.MultiSwiftUI.MultiSwiftUI;
				PRODUCT_NAME = MultiSwiftUI;
				SDKROOT = iphoneos;
				SWIFT_EMIT_LOC_STRINGS = YES;
				SWIFT_VERSION = 5.0;
				TARGETED_DEVICE_FAMILY = "1,2";
			};
			name = Debug;
		};
		A0B3DAFE28F1AFCA00F7338C /* Release */ = {
			isa = XCBuildConfiguration;
			buildSettings = {
				ASSETCATALOG_COMPILER_APPICON_NAME = AppIcon;
				ASSETCATALOG_COMPILER_GLOBAL_ACCENT_COLOR_NAME = AccentColor;
				CODE_SIGN_STYLE = Automatic;
				CURRENT_PROJECT_VERSION = 1;
				DEVELOPMENT_TEAM = RY4ZLB8695;
				ENABLE_PREVIEWS = YES;
				GENERATE_INFOPLIST_FILE = YES;
				INFOPLIST_KEY_UIApplicationSceneManifest_Generation = YES;
				INFOPLIST_KEY_UIApplicationSupportsIndirectInputEvents = YES;
				INFOPLIST_KEY_UILaunchScreen_Generation = YES;
				INFOPLIST_KEY_UISupportedInterfaceOrientations_iPad = "UIInterfaceOrientationPortrait UIInterfaceOrientationPortraitUpsideDown UIInterfaceOrientationLandscapeLeft UIInterfaceOrientationLandscapeRight";
				INFOPLIST_KEY_UISupportedInterfaceOrientations_iPhone = "UIInterfaceOrientationPortrait UIInterfaceOrientationLandscapeLeft UIInterfaceOrientationLandscapeRight";
				IPHONEOS_DEPLOYMENT_TARGET = 15.0;
				LD_RUNPATH_SEARCH_PATHS = (
					"$(inherited)",
					"@executable_path/Frameworks",
				);
				MARKETING_VERSION = 1.0;
				PRODUCT_BUNDLE_IDENTIFIER = org.markfly.MultiSwiftUI.MultiSwiftUI;
				PRODUCT_NAME = MultiSwiftUI;
				SDKROOT = iphoneos;
				SWIFT_EMIT_LOC_STRINGS = YES;
				SWIFT_VERSION = 5.0;
				TARGETED_DEVICE_FAMILY = "1,2";
				VALIDATE_PRODUCT = YES;
			};
			name = Release;
		};
		A0B3DB0028F1AFCA00F7338C /* Debug */ = {
			isa = XCBuildConfiguration;
			buildSettings = {
				ASSETCATALOG_COMPILER_APPICON_NAME = AppIcon;
				ASSETCATALOG_COMPILER_GLOBAL_ACCENT_COLOR_NAME = AccentColor;
				CODE_SIGN_ENTITLEMENTS = macOS/macOS.entitlements;
				CODE_SIGN_IDENTITY = "-";
				CODE_SIGN_STYLE = Automatic;
				COMBINE_HIDPI_IMAGES = YES;
				CURRENT_PROJECT_VERSION = 1;
				DEVELOPMENT_TEAM = RY4ZLB8695;
				ENABLE_HARDENED_RUNTIME = YES;
				ENABLE_PREVIEWS = YES;
				GENERATE_INFOPLIST_FILE = YES;
				INFOPLIST_KEY_NSHumanReadableCopyright = "";
				LD_RUNPATH_SEARCH_PATHS = (
					"$(inherited)",
					"@executable_path/../Frameworks",
				);
				MACOSX_DEPLOYMENT_TARGET = 11.0;
				MARKETING_VERSION = 1.0;
				PRODUCT_BUNDLE_IDENTIFIER = org.markfly.MultiSwiftUI.MultiSwiftUI;
				PRODUCT_NAME = MultiSwiftUI;
				SDKROOT = macosx;
				SWIFT_EMIT_LOC_STRINGS = YES;
				SWIFT_VERSION = 5.0;
			};
			name = Debug;
		};
		A0B3DB0128F1AFCA00F7338C /* Release */ = {
			isa = XCBuildConfiguration;
			buildSettings = {
				ASSETCATALOG_COMPILER_APPICON_NAME = AppIcon;
				ASSETCATALOG_COMPILER_GLOBAL_ACCENT_COLOR_NAME = AccentColor;
				CODE_SIGN_ENTITLEMENTS = macOS/macOS.entitlements;
				CODE_SIGN_IDENTITY = "-";
				CODE_SIGN_STYLE = Automatic;
				COMBINE_HIDPI_IMAGES = YES;
				CURRENT_PROJECT_VERSION = 1;
				DEVELOPMENT_TEAM = RY4ZLB8695;
				ENABLE_HARDENED_RUNTIME = YES;
				ENABLE_PREVIEWS = YES;
				GENERATE_INFOPLIST_FILE = YES;
				INFOPLIST_KEY_NSHumanReadableCopyright = "";
				LD_RUNPATH_SEARCH_PATHS = (
					"$(inherited)",
					"@executable_path/../Frameworks",
				);
				MACOSX_DEPLOYMENT_TARGET = 11.0;
				MARKETING_VERSION = 1.0;
				PRODUCT_BUNDLE_IDENTIFIER = org.markfly.MultiSwiftUI.MultiSwiftUI;
				PRODUCT_NAME = MultiSwiftUI;
				SDKROOT = macosx;
				SWIFT_EMIT_LOC_STRINGS = YES;
				SWIFT_VERSION = 5.0;
			};
			name = Release;
		};
/* End XCBuildConfiguration section */

/* Begin XCConfigurationList section */
		A0B3DAE228F1AFC800F7338C /* Build configuration list for PBXProject "MultiSwiftUI" */ = {
			isa = XCConfigurationList;
			buildConfigurations = (
				A0B3DAFA28F1AFCA00F7338C /* Debug */,
				A0B3DAFB28F1AFCA00F7338C /* Release */,
			);
			defaultConfigurationIsVisible = 0;
			defaultConfigurationName = Release;
		};
		A0B3DAFC28F1AFCA00F7338C /* Build configuration list for PBXNativeTarget "MultiSwiftUI (iOS)" */ = {
			isa = XCConfigurationList;
			buildConfigurations = (
				A0B3DAFD28F1AFCA00F7338C /* Debug */,
				A0B3DAFE28F1AFCA00F7338C /* Release */,
			);
			defaultConfigurationIsVisible = 0;
			defaultConfigurationName = Release;
		};
		A0B3DAFF28F1AFCA00F7338C /* Build configuration list for PBXNativeTarget "MultiSwiftUI (macOS)" */ = {
			isa = XCConfigurationList;
			buildConfigurations = (
				A0B3DB0028F1AFCA00F7338C /* Debug */,
				A0B3DB0128F1AFCA00F7338C /* Release */,
			);
			defaultConfigurationIsVisible = 0;
			defaultConfigurationName = Release;
		};
/* End XCConfigurationList section */
	};
	rootObject = A0B3DADF28F1AFC800F7338C /* Project object */;
}
